// !$*UTF8*$!
{
	archiveVersion = 1;
	classes = {
	};
	objectVersion = 46;
	objects = {

/* Begin PBXBuildFile section */
		0A7CDBB66EEED5663BAF2761 /* PlacesPresenter.swift in Sources */ = {isa = PBXBuildFile; fileRef = EC42DF6E50244E4F653230FC /* PlacesPresenter.swift */; };
		1AFB595D24039E80BEFBB10A /* PlaceDetailsProtocols.swift in Sources */ = {isa = PBXBuildFile; fileRef = AC5D5352BAA133ED1AF84A9A /* PlaceDetailsProtocols.swift */; };
		2CF4EBC052DBE5017EFBDFA0 /* PlaceDetailsRouter.swift in Sources */ = {isa = PBXBuildFile; fileRef = 14A78D48833BBF2BD0CAB4DC /* PlaceDetailsRouter.swift */; };
		2EA86039BED5BC9A2FD84B47 /* CategorySelectionRouter.swift in Sources */ = {isa = PBXBuildFile; fileRef = 0E42544263C58C8FE78DEBD8 /* CategorySelectionRouter.swift */; };
		337621C97EFA7691544E985C /* CategorySelectionInteractor.swift in Sources */ = {isa = PBXBuildFile; fileRef = A98040FDCAD9E08B312603E2 /* CategorySelectionInteractor.swift */; };
		41517992ED789BFE3B3C66CA /* PlaceDetailsPresenter.swift in Sources */ = {isa = PBXBuildFile; fileRef = B0AC476AF08480068B3DFF03 /* PlaceDetailsPresenter.swift */; };
		44F6581F71FAFB5854A56979 /* PlaceDetailsInteractor.swift in Sources */ = {isa = PBXBuildFile; fileRef = FAB7D91C4635E4C104F88569 /* PlaceDetailsInteractor.swift */; };
		469D685558E18FE1B542F6CB /* FavoritePlacesRouter.swift in Sources */ = {isa = PBXBuildFile; fileRef = 3B83D2F02BFAEAC4D04A65E4 /* FavoritePlacesRouter.swift */; };
		57FFB50555785B074E55F9A1 /* Pods.framework in Frameworks */ = {isa = PBXBuildFile; fileRef = EDCF71274DE94F6D46C5E688 /* Pods.framework */; };
		6ACE97CDC2589551B72B8274 /* PlacesRouter.swift in Sources */ = {isa = PBXBuildFile; fileRef = 9FABDE5D51A59B1E367DE79E /* PlacesRouter.swift */; };
		72B5B7843FF0D52F287D49C3 /* CategorySelectionProtocols.swift in Sources */ = {isa = PBXBuildFile; fileRef = 855A92B90D08A71FD0A62545 /* CategorySelectionProtocols.swift */; };
		7A67D89594D128C5419AB9D0 /* FavoritePlacesPresenter.swift in Sources */ = {isa = PBXBuildFile; fileRef = 9966CEB2C166108177F48037 /* FavoritePlacesPresenter.swift */; };
		9457D48162F822C9F18D3473 /* PlacesViewController.swift in Sources */ = {isa = PBXBuildFile; fileRef = 8A9AD7ACD03FCF3B85791D9C /* PlacesViewController.swift */; };
		9AA5269EDC1929000320ADD8 /* PlaceDetailsViewController.swift in Sources */ = {isa = PBXBuildFile; fileRef = CB9BF9B1AEF1BFC2B84C7B6C /* PlaceDetailsViewController.swift */; };
		A6DF0999F5E709E4112A4143 /* FavoritePlacesInteractor.swift in Sources */ = {isa = PBXBuildFile; fileRef = 54563104697690759EAAC6A3 /* FavoritePlacesInteractor.swift */; };
		AB5422CA0E2FCE5FD1C68151 /* FavoritePlacesProtocols.swift in Sources */ = {isa = PBXBuildFile; fileRef = DB0E3E93D80010E3E7057EDA /* FavoritePlacesProtocols.swift */; };
		B103EEF6D37BA50246E0F877 /* PlacesModule.swift in Sources */ = {isa = PBXBuildFile; fileRef = 2A7E73FD17BDF8644AE2C9E9 /* PlacesModule.swift */; };
		BEFA3745EC8D80004F1E0A71 /* PlacesProtocols.swift in Sources */ = {isa = PBXBuildFile; fileRef = DEB5AF6FEE05EEDB7425BE59 /* PlacesProtocols.swift */; };
		BFC7250E59DB590A76026AEA /* FavoritePlacesModule.swift in Sources */ = {isa = PBXBuildFile; fileRef = 69FEFDDEB4966C81B931401D /* FavoritePlacesModule.swift */; };
		C3C46063DBCC0D7B57613187 /* PlaceDetailsModule.swift in Sources */ = {isa = PBXBuildFile; fileRef = F81A8F8FEA614B7D32F4136F /* PlaceDetailsModule.swift */; };
		C579009E9FBB3207D16DF615 /* CategorySelectionModule.swift in Sources */ = {isa = PBXBuildFile; fileRef = BD8C6FA277D7FBF308263F5C /* CategorySelectionModule.swift */; };
		CEC8105B4BB9982E1893D882 /* CategorySelectionViewController.swift in Sources */ = {isa = PBXBuildFile; fileRef = 32007FB7AAD3D0ECCDA10A0A /* CategorySelectionViewController.swift */; };
		CF14C3DD4177AB57B33BDC98 /* CategorySelectionPresenter.swift in Sources */ = {isa = PBXBuildFile; fileRef = 4DAFF562FCE5C1BE5152DCA4 /* CategorySelectionPresenter.swift */; };
		DB397D02521B8F96F7B34479 /* FavoritePlacesViewController.swift in Sources */ = {isa = PBXBuildFile; fileRef = B3F46641E307FE5D6D60310C /* FavoritePlacesViewController.swift */; };
		DE245037B61DEC7D5BD2256E /* UIColor+AppColors.swift in Sources */ = {isa = PBXBuildFile; fileRef = DE2455B04E02707838C1FABB /* UIColor+AppColors.swift */; };
		DE24522AC60846063C47D513 /* FavoritesConstants.swift in Sources */ = {isa = PBXBuildFile; fileRef = DE245F9C463AF172524CD149 /* FavoritesConstants.swift */; };
		DE24551EC7EB2A91705A60D2 /* PlacesFlowWireframe.swift in Sources */ = {isa = PBXBuildFile; fileRef = DE245871053A02A1D841E187 /* PlacesFlowWireframe.swift */; };
		DE2455D168BC7D9C9DD9F382 /* TabBarController.swift in Sources */ = {isa = PBXBuildFile; fileRef = DE2456988535E6961FF4C9D7 /* TabBarController.swift */; };
		DE245613F1279F7F4AAE1192 /* UIFont+AppFonts.swift in Sources */ = {isa = PBXBuildFile; fileRef = DE245C803F6543C0A8913C80 /* UIFont+AppFonts.swift */; };
		DE24563BC16DC47EBF1D2DEC /* Assets.xcassets in Resources */ = {isa = PBXBuildFile; fileRef = DE24502C7BB9A739E759D154 /* Assets.xcassets */; };
		DE24563C839DA5E0F927F166 /* Place.swift in Sources */ = {isa = PBXBuildFile; fileRef = DE245BEB9791ADC8DADEE9C9 /* Place.swift */; };
		DE24572E4174D70632223795 /* FavoritesFlowWireframe.swift in Sources */ = {isa = PBXBuildFile; fileRef = DE2457AC12E9BBC5C8570E1D /* FavoritesFlowWireframe.swift */; };
		DE2457B891B8A477AD5B0FC6 /* Reusable.swift in Sources */ = {isa = PBXBuildFile; fileRef = DE2455917F6EA958E9930F90 /* Reusable.swift */; };
		DE24583DF956855CFFE2320E /* Category.swift in Sources */ = {isa = PBXBuildFile; fileRef = DE245126ED94C4851B8BE5CE /* Category.swift */; };
		DE245927154EF20D4BBCF5A1 /* NetworkManager.swift in Sources */ = {isa = PBXBuildFile; fileRef = DE2459FF2D515C0C871CD167 /* NetworkManager.swift */; };
		DE2459DD3E110084C1437322 /* ResponceHandling.swift in Sources */ = {isa = PBXBuildFile; fileRef = DE2458AD4261777B322249DF /* ResponceHandling.swift */; };
		DE2459F74A9117A5B0AA33AC /* PlacesConstants.swift in Sources */ = {isa = PBXBuildFile; fileRef = DE245AAE82A9067C5898299D /* PlacesConstants.swift */; };
		DE245B3A30D5C9914D27D034 /* AppDelegate.swift in Sources */ = {isa = PBXBuildFile; fileRef = DE2456E6C3AB714B7ECE1375 /* AppDelegate.swift */; };
		DE245E1FDE2EB8E609C81774 /* RootWireframe.swift in Sources */ = {isa = PBXBuildFile; fileRef = DE245A5C9625A39BF5EEFBE6 /* RootWireframe.swift */; };
		DE245E6C92AC2CFE77306CA2 /* LaunchScreen.storyboard in Resources */ = {isa = PBXBuildFile; fileRef = DE2452D88FAB4EC76829B6C5 /* LaunchScreen.storyboard */; };
		DF5DECA40BCB1D3FB284C442 /* PlacesInteractor.swift in Sources */ = {isa = PBXBuildFile; fileRef = E6D1A39DB84F564C55566B4C /* PlacesInteractor.swift */; };
		E77079131C9E90A7007C4468 /* SF-UI-Display-Black.otf in Resources */ = {isa = PBXBuildFile; fileRef = E77078FE1C9E90A2007C4468 /* SF-UI-Display-Black.otf */; };
		E77079141C9E90A7007C4468 /* SF-UI-Display-Bold.otf in Resources */ = {isa = PBXBuildFile; fileRef = E77078FF1C9E90A2007C4468 /* SF-UI-Display-Bold.otf */; };
		E77079151C9E90A7007C4468 /* SF-UI-Display-Heavy.otf in Resources */ = {isa = PBXBuildFile; fileRef = E77079001C9E90A2007C4468 /* SF-UI-Display-Heavy.otf */; };
		E77079161C9E90A7007C4468 /* SF-UI-Display-Light.otf in Resources */ = {isa = PBXBuildFile; fileRef = E77079011C9E90A2007C4468 /* SF-UI-Display-Light.otf */; };
		E77079171C9E90A7007C4468 /* SF-UI-Display-Medium.otf in Resources */ = {isa = PBXBuildFile; fileRef = E77079021C9E90A2007C4468 /* SF-UI-Display-Medium.otf */; };
		E77079181C9E90A7007C4468 /* SF-UI-Display-Regular.otf in Resources */ = {isa = PBXBuildFile; fileRef = E77079031C9E90A2007C4468 /* SF-UI-Display-Regular.otf */; };
		E77079191C9E90A7007C4468 /* SF-UI-Display-Semibold.otf in Resources */ = {isa = PBXBuildFile; fileRef = E77079041C9E90A2007C4468 /* SF-UI-Display-Semibold.otf */; };
		E770791A1C9E90A7007C4468 /* SF-UI-Display-Thin.otf in Resources */ = {isa = PBXBuildFile; fileRef = E77079051C9E90A2007C4468 /* SF-UI-Display-Thin.otf */; };
		E770791B1C9E90A7007C4468 /* SF-UI-Display-Ultralight.otf in Resources */ = {isa = PBXBuildFile; fileRef = E77079061C9E90A2007C4468 /* SF-UI-Display-Ultralight.otf */; };
		E770791C1C9E90A7007C4468 /* SF-UI-Text-Bold.otf in Resources */ = {isa = PBXBuildFile; fileRef = E77079071C9E90A2007C4468 /* SF-UI-Text-Bold.otf */; };
		E770791D1C9E90A7007C4468 /* SF-UI-Text-BoldItalic.otf in Resources */ = {isa = PBXBuildFile; fileRef = E77079081C9E90A2007C4468 /* SF-UI-Text-BoldItalic.otf */; };
		E770791E1C9E90A7007C4468 /* SF-UI-Text-Heavy.otf in Resources */ = {isa = PBXBuildFile; fileRef = E77079091C9E90A2007C4468 /* SF-UI-Text-Heavy.otf */; };
		E770791F1C9E90A7007C4468 /* SF-UI-Text-HeavyItalic.otf in Resources */ = {isa = PBXBuildFile; fileRef = E770790A1C9E90A2007C4468 /* SF-UI-Text-HeavyItalic.otf */; };
		E77079201C9E90A7007C4468 /* SF-UI-Text-Light.otf in Resources */ = {isa = PBXBuildFile; fileRef = E770790B1C9E90A2007C4468 /* SF-UI-Text-Light.otf */; };
		E77079211C9E90A7007C4468 /* SF-UI-Text-LightItalic.otf in Resources */ = {isa = PBXBuildFile; fileRef = E770790C1C9E90A2007C4468 /* SF-UI-Text-LightItalic.otf */; };
		E77079221C9E90A7007C4468 /* SF-UI-Text-Medium.otf in Resources */ = {isa = PBXBuildFile; fileRef = E770790D1C9E90A2007C4468 /* SF-UI-Text-Medium.otf */; };
		E77079231C9E90A7007C4468 /* SF-UI-Text-MediumItalic.otf in Resources */ = {isa = PBXBuildFile; fileRef = E770790E1C9E90A2007C4468 /* SF-UI-Text-MediumItalic.otf */; };
		E77079241C9E90A7007C4468 /* SF-UI-Text-Regular.otf in Resources */ = {isa = PBXBuildFile; fileRef = E770790F1C9E90A2007C4468 /* SF-UI-Text-Regular.otf */; };
		E77079251C9E90A7007C4468 /* SF-UI-Text-RegularItalic.otf in Resources */ = {isa = PBXBuildFile; fileRef = E77079101C9E90A2007C4468 /* SF-UI-Text-RegularItalic.otf */; };
		E77079261C9E90A7007C4468 /* SF-UI-Text-Semibold.otf in Resources */ = {isa = PBXBuildFile; fileRef = E77079111C9E90A2007C4468 /* SF-UI-Text-Semibold.otf */; };
		E77079271C9E90A7007C4468 /* SF-UI-Text-SemiboldItalic.otf in Resources */ = {isa = PBXBuildFile; fileRef = E77079121C9E90A2007C4468 /* SF-UI-Text-SemiboldItalic.otf */; };
		E77079291C9E9203007C4468 /* Places.storyboard in Resources */ = {isa = PBXBuildFile; fileRef = E77079281C9E9203007C4468 /* Places.storyboard */; };
		E770792B1C9E9214007C4468 /* Favorites.storyboard in Resources */ = {isa = PBXBuildFile; fileRef = E770792A1C9E9214007C4468 /* Favorites.storyboard */; };
		E770792D1C9E9BBC007C4468 /* BaseProtocols.swift in Sources */ = {isa = PBXBuildFile; fileRef = E770792C1C9E9BBC007C4468 /* BaseProtocols.swift */; };
		E770792E1C9E9E87007C4468 /* Info.plist in Resources */ = {isa = PBXBuildFile; fileRef = DE2453EB62400FBDA73EC322 /* Info.plist */; };
		E77079301C9ED245007C4468 /* PlaceCell.swift in Sources */ = {isa = PBXBuildFile; fileRef = E770792F1C9ED245007C4468 /* PlaceCell.swift */; };
/* End PBXBuildFile section */

/* Begin PBXFileReference section */
		0E42544263C58C8FE78DEBD8 /* CategorySelectionRouter.swift */ = {isa = PBXFileReference; includeInIndex = 1; lastKnownFileType = sourcecode.swift; path = CategorySelectionRouter.swift; sourceTree = "<group>"; };
		14A78D48833BBF2BD0CAB4DC /* PlaceDetailsRouter.swift */ = {isa = PBXFileReference; includeInIndex = 1; lastKnownFileType = sourcecode.swift; path = PlaceDetailsRouter.swift; sourceTree = "<group>"; };
		2A7E73FD17BDF8644AE2C9E9 /* PlacesModule.swift */ = {isa = PBXFileReference; includeInIndex = 1; lastKnownFileType = sourcecode.swift; path = PlacesModule.swift; sourceTree = "<group>"; };
		32007FB7AAD3D0ECCDA10A0A /* CategorySelectionViewController.swift */ = {isa = PBXFileReference; includeInIndex = 1; lastKnownFileType = sourcecode.swift; path = CategorySelectionViewController.swift; sourceTree = "<group>"; };
		3B83D2F02BFAEAC4D04A65E4 /* FavoritePlacesRouter.swift */ = {isa = PBXFileReference; includeInIndex = 1; lastKnownFileType = sourcecode.swift; path = FavoritePlacesRouter.swift; sourceTree = "<group>"; };
		472534128626AFF3FE85F810 /* Pods.release.xcconfig */ = {isa = PBXFileReference; includeInIndex = 1; lastKnownFileType = text.xcconfig; name = Pods.release.xcconfig; path = "Pods/Target Support Files/Pods/Pods.release.xcconfig"; sourceTree = "<group>"; };
		4DAFF562FCE5C1BE5152DCA4 /* CategorySelectionPresenter.swift */ = {isa = PBXFileReference; includeInIndex = 1; lastKnownFileType = sourcecode.swift; path = CategorySelectionPresenter.swift; sourceTree = "<group>"; };
		54563104697690759EAAC6A3 /* FavoritePlacesInteractor.swift */ = {isa = PBXFileReference; includeInIndex = 1; lastKnownFileType = sourcecode.swift; path = FavoritePlacesInteractor.swift; sourceTree = "<group>"; };
		69FEFDDEB4966C81B931401D /* FavoritePlacesModule.swift */ = {isa = PBXFileReference; includeInIndex = 1; lastKnownFileType = sourcecode.swift; path = FavoritePlacesModule.swift; sourceTree = "<group>"; };
		855A92B90D08A71FD0A62545 /* CategorySelectionProtocols.swift */ = {isa = PBXFileReference; includeInIndex = 1; lastKnownFileType = sourcecode.swift; path = CategorySelectionProtocols.swift; sourceTree = "<group>"; };
		8A9AD7ACD03FCF3B85791D9C /* PlacesViewController.swift */ = {isa = PBXFileReference; includeInIndex = 1; lastKnownFileType = sourcecode.swift; path = PlacesViewController.swift; sourceTree = "<group>"; };
		9966CEB2C166108177F48037 /* FavoritePlacesPresenter.swift */ = {isa = PBXFileReference; includeInIndex = 1; lastKnownFileType = sourcecode.swift; path = FavoritePlacesPresenter.swift; sourceTree = "<group>"; };
		9FABDE5D51A59B1E367DE79E /* PlacesRouter.swift */ = {isa = PBXFileReference; includeInIndex = 1; lastKnownFileType = sourcecode.swift; path = PlacesRouter.swift; sourceTree = "<group>"; };
		A98040FDCAD9E08B312603E2 /* CategorySelectionInteractor.swift */ = {isa = PBXFileReference; includeInIndex = 1; lastKnownFileType = sourcecode.swift; path = CategorySelectionInteractor.swift; sourceTree = "<group>"; };
		AC5D5352BAA133ED1AF84A9A /* PlaceDetailsProtocols.swift */ = {isa = PBXFileReference; includeInIndex = 1; lastKnownFileType = sourcecode.swift; path = PlaceDetailsProtocols.swift; sourceTree = "<group>"; };
		AFE0B9369D880DB6D56E63FF /* Pods.debug.xcconfig */ = {isa = PBXFileReference; includeInIndex = 1; lastKnownFileType = text.xcconfig; name = Pods.debug.xcconfig; path = "Pods/Target Support Files/Pods/Pods.debug.xcconfig"; sourceTree = "<group>"; };
		B0AC476AF08480068B3DFF03 /* PlaceDetailsPresenter.swift */ = {isa = PBXFileReference; includeInIndex = 1; lastKnownFileType = sourcecode.swift; path = PlaceDetailsPresenter.swift; sourceTree = "<group>"; };
		B3F46641E307FE5D6D60310C /* FavoritePlacesViewController.swift */ = {isa = PBXFileReference; includeInIndex = 1; lastKnownFileType = sourcecode.swift; path = FavoritePlacesViewController.swift; sourceTree = "<group>"; };
		BD8C6FA277D7FBF308263F5C /* CategorySelectionModule.swift */ = {isa = PBXFileReference; includeInIndex = 1; lastKnownFileType = sourcecode.swift; path = CategorySelectionModule.swift; sourceTree = "<group>"; };
		CB9BF9B1AEF1BFC2B84C7B6C /* PlaceDetailsViewController.swift */ = {isa = PBXFileReference; includeInIndex = 1; lastKnownFileType = sourcecode.swift; path = PlaceDetailsViewController.swift; sourceTree = "<group>"; };
		DB0E3E93D80010E3E7057EDA /* FavoritePlacesProtocols.swift */ = {isa = PBXFileReference; includeInIndex = 1; lastKnownFileType = sourcecode.swift; path = FavoritePlacesProtocols.swift; sourceTree = "<group>"; };
		DE24502C7BB9A739E759D154 /* Assets.xcassets */ = {isa = PBXFileReference; lastKnownFileType = folder.assetcatalog; path = Assets.xcassets; sourceTree = "<group>"; };
		DE245126ED94C4851B8BE5CE /* Category.swift */ = {isa = PBXFileReference; fileEncoding = 4; lastKnownFileType = sourcecode.swift; path = Category.swift; sourceTree = "<group>"; };
		DE24522F4FC0D44EE8A3937C /* Base */ = {isa = PBXFileReference; lastKnownFileType = file.storyboard; name = Base; path = BaseTemplateExample/Base.lproj/LaunchScreen.storyboard; sourceTree = SOURCE_ROOT; };
		DE2453EB62400FBDA73EC322 /* Info.plist */ = {isa = PBXFileReference; fileEncoding = 4; lastKnownFileType = text.plist.info; path = Info.plist; sourceTree = "<group>"; };
		DE2455917F6EA958E9930F90 /* Reusable.swift */ = {isa = PBXFileReference; fileEncoding = 4; lastKnownFileType = sourcecode.swift; path = Reusable.swift; sourceTree = "<group>"; };
		DE2455B04E02707838C1FABB /* UIColor+AppColors.swift */ = {isa = PBXFileReference; fileEncoding = 4; lastKnownFileType = sourcecode.swift; path = "UIColor+AppColors.swift"; sourceTree = "<group>"; };
		DE2456988535E6961FF4C9D7 /* TabBarController.swift */ = {isa = PBXFileReference; fileEncoding = 4; lastKnownFileType = sourcecode.swift; path = TabBarController.swift; sourceTree = "<group>"; };
		DE2456E6C3AB714B7ECE1375 /* AppDelegate.swift */ = {isa = PBXFileReference; fileEncoding = 4; lastKnownFileType = sourcecode.swift; path = AppDelegate.swift; sourceTree = "<group>"; };
		DE2457AC12E9BBC5C8570E1D /* FavoritesFlowWireframe.swift */ = {isa = PBXFileReference; fileEncoding = 4; lastKnownFileType = sourcecode.swift; path = FavoritesFlowWireframe.swift; sourceTree = "<group>"; };
		DE245871053A02A1D841E187 /* PlacesFlowWireframe.swift */ = {isa = PBXFileReference; fileEncoding = 4; lastKnownFileType = sourcecode.swift; path = PlacesFlowWireframe.swift; sourceTree = "<group>"; };
		DE2458AD4261777B322249DF /* ResponceHandling.swift */ = {isa = PBXFileReference; fileEncoding = 4; lastKnownFileType = sourcecode.swift; path = ResponceHandling.swift; sourceTree = "<group>"; };
		DE2459FF2D515C0C871CD167 /* NetworkManager.swift */ = {isa = PBXFileReference; fileEncoding = 4; lastKnownFileType = sourcecode.swift; path = NetworkManager.swift; sourceTree = "<group>"; };
		DE245A5C9625A39BF5EEFBE6 /* RootWireframe.swift */ = {isa = PBXFileReference; fileEncoding = 4; lastKnownFileType = sourcecode.swift; path = RootWireframe.swift; sourceTree = "<group>"; };
		DE245AAE82A9067C5898299D /* PlacesConstants.swift */ = {isa = PBXFileReference; fileEncoding = 4; lastKnownFileType = sourcecode.swift; path = PlacesConstants.swift; sourceTree = "<group>"; };
		DE245BEB9791ADC8DADEE9C9 /* Place.swift */ = {isa = PBXFileReference; fileEncoding = 4; lastKnownFileType = sourcecode.swift; path = Place.swift; sourceTree = "<group>"; };
		DE245C803F6543C0A8913C80 /* UIFont+AppFonts.swift */ = {isa = PBXFileReference; fileEncoding = 4; lastKnownFileType = sourcecode.swift; path = "UIFont+AppFonts.swift"; sourceTree = "<group>"; };
		DE245F9C463AF172524CD149 /* FavoritesConstants.swift */ = {isa = PBXFileReference; fileEncoding = 4; lastKnownFileType = sourcecode.swift; path = FavoritesConstants.swift; sourceTree = "<group>"; };
		DEB5AF6FEE05EEDB7425BE59 /* PlacesProtocols.swift */ = {isa = PBXFileReference; includeInIndex = 1; lastKnownFileType = sourcecode.swift; path = PlacesProtocols.swift; sourceTree = "<group>"; };
		E6D1A39DB84F564C55566B4C /* PlacesInteractor.swift */ = {isa = PBXFileReference; includeInIndex = 1; lastKnownFileType = sourcecode.swift; path = PlacesInteractor.swift; sourceTree = "<group>"; };
		E77078E71C9E8BB5007C4468 /* BaseTemplateExample.app */ = {isa = PBXFileReference; explicitFileType = wrapper.application; includeInIndex = 0; path = BaseTemplateExample.app; sourceTree = BUILT_PRODUCTS_DIR; };
		E77078FE1C9E90A2007C4468 /* SF-UI-Display-Black.otf */ = {isa = PBXFileReference; lastKnownFileType = file; path = "SF-UI-Display-Black.otf"; sourceTree = "<group>"; };
		E77078FF1C9E90A2007C4468 /* SF-UI-Display-Bold.otf */ = {isa = PBXFileReference; lastKnownFileType = file; path = "SF-UI-Display-Bold.otf"; sourceTree = "<group>"; };
		E77079001C9E90A2007C4468 /* SF-UI-Display-Heavy.otf */ = {isa = PBXFileReference; lastKnownFileType = file; path = "SF-UI-Display-Heavy.otf"; sourceTree = "<group>"; };
		E77079011C9E90A2007C4468 /* SF-UI-Display-Light.otf */ = {isa = PBXFileReference; lastKnownFileType = file; path = "SF-UI-Display-Light.otf"; sourceTree = "<group>"; };
		E77079021C9E90A2007C4468 /* SF-UI-Display-Medium.otf */ = {isa = PBXFileReference; lastKnownFileType = file; path = "SF-UI-Display-Medium.otf"; sourceTree = "<group>"; };
		E77079031C9E90A2007C4468 /* SF-UI-Display-Regular.otf */ = {isa = PBXFileReference; lastKnownFileType = file; path = "SF-UI-Display-Regular.otf"; sourceTree = "<group>"; };
		E77079041C9E90A2007C4468 /* SF-UI-Display-Semibold.otf */ = {isa = PBXFileReference; lastKnownFileType = file; path = "SF-UI-Display-Semibold.otf"; sourceTree = "<group>"; };
		E77079051C9E90A2007C4468 /* SF-UI-Display-Thin.otf */ = {isa = PBXFileReference; lastKnownFileType = file; path = "SF-UI-Display-Thin.otf"; sourceTree = "<group>"; };
		E77079061C9E90A2007C4468 /* SF-UI-Display-Ultralight.otf */ = {isa = PBXFileReference; lastKnownFileType = file; path = "SF-UI-Display-Ultralight.otf"; sourceTree = "<group>"; };
		E77079071C9E90A2007C4468 /* SF-UI-Text-Bold.otf */ = {isa = PBXFileReference; lastKnownFileType = file; path = "SF-UI-Text-Bold.otf"; sourceTree = "<group>"; };
		E77079081C9E90A2007C4468 /* SF-UI-Text-BoldItalic.otf */ = {isa = PBXFileReference; lastKnownFileType = file; path = "SF-UI-Text-BoldItalic.otf"; sourceTree = "<group>"; };
		E77079091C9E90A2007C4468 /* SF-UI-Text-Heavy.otf */ = {isa = PBXFileReference; lastKnownFileType = file; path = "SF-UI-Text-Heavy.otf"; sourceTree = "<group>"; };
		E770790A1C9E90A2007C4468 /* SF-UI-Text-HeavyItalic.otf */ = {isa = PBXFileReference; lastKnownFileType = file; path = "SF-UI-Text-HeavyItalic.otf"; sourceTree = "<group>"; };
		E770790B1C9E90A2007C4468 /* SF-UI-Text-Light.otf */ = {isa = PBXFileReference; lastKnownFileType = file; path = "SF-UI-Text-Light.otf"; sourceTree = "<group>"; };
		E770790C1C9E90A2007C4468 /* SF-UI-Text-LightItalic.otf */ = {isa = PBXFileReference; lastKnownFileType = file; path = "SF-UI-Text-LightItalic.otf"; sourceTree = "<group>"; };
		E770790D1C9E90A2007C4468 /* SF-UI-Text-Medium.otf */ = {isa = PBXFileReference; lastKnownFileType = file; path = "SF-UI-Text-Medium.otf"; sourceTree = "<group>"; };
		E770790E1C9E90A2007C4468 /* SF-UI-Text-MediumItalic.otf */ = {isa = PBXFileReference; lastKnownFileType = file; path = "SF-UI-Text-MediumItalic.otf"; sourceTree = "<group>"; };
		E770790F1C9E90A2007C4468 /* SF-UI-Text-Regular.otf */ = {isa = PBXFileReference; lastKnownFileType = file; path = "SF-UI-Text-Regular.otf"; sourceTree = "<group>"; };
		E77079101C9E90A2007C4468 /* SF-UI-Text-RegularItalic.otf */ = {isa = PBXFileReference; lastKnownFileType = file; path = "SF-UI-Text-RegularItalic.otf"; sourceTree = "<group>"; };
		E77079111C9E90A2007C4468 /* SF-UI-Text-Semibold.otf */ = {isa = PBXFileReference; lastKnownFileType = file; path = "SF-UI-Text-Semibold.otf"; sourceTree = "<group>"; };
		E77079121C9E90A2007C4468 /* SF-UI-Text-SemiboldItalic.otf */ = {isa = PBXFileReference; lastKnownFileType = file; path = "SF-UI-Text-SemiboldItalic.otf"; sourceTree = "<group>"; };
		E77079281C9E9203007C4468 /* Places.storyboard */ = {isa = PBXFileReference; fileEncoding = 4; lastKnownFileType = file.storyboard; path = Places.storyboard; sourceTree = "<group>"; };
		E770792A1C9E9214007C4468 /* Favorites.storyboard */ = {isa = PBXFileReference; fileEncoding = 4; lastKnownFileType = file.storyboard; path = Favorites.storyboard; sourceTree = "<group>"; };
		E770792C1C9E9BBC007C4468 /* BaseProtocols.swift */ = {isa = PBXFileReference; fileEncoding = 4; lastKnownFileType = sourcecode.swift; path = BaseProtocols.swift; sourceTree = "<group>"; };
		E770792F1C9ED245007C4468 /* PlaceCell.swift */ = {isa = PBXFileReference; fileEncoding = 4; lastKnownFileType = sourcecode.swift; path = PlaceCell.swift; sourceTree = "<group>"; };
		EC42DF6E50244E4F653230FC /* PlacesPresenter.swift */ = {isa = PBXFileReference; includeInIndex = 1; lastKnownFileType = sourcecode.swift; path = PlacesPresenter.swift; sourceTree = "<group>"; };
		EDCF71274DE94F6D46C5E688 /* Pods.framework */ = {isa = PBXFileReference; explicitFileType = wrapper.framework; includeInIndex = 0; path = Pods.framework; sourceTree = BUILT_PRODUCTS_DIR; };
		F81A8F8FEA614B7D32F4136F /* PlaceDetailsModule.swift */ = {isa = PBXFileReference; includeInIndex = 1; lastKnownFileType = sourcecode.swift; path = PlaceDetailsModule.swift; sourceTree = "<group>"; };
		FAB7D91C4635E4C104F88569 /* PlaceDetailsInteractor.swift */ = {isa = PBXFileReference; includeInIndex = 1; lastKnownFileType = sourcecode.swift; path = PlaceDetailsInteractor.swift; sourceTree = "<group>"; };
/* End PBXFileReference section */

/* Begin PBXFrameworksBuildPhase section */
		E77078E41C9E8BB5007C4468 /* Frameworks */ = {
			isa = PBXFrameworksBuildPhase;
			buildActionMask = 2147483647;
			files = (
				57FFB50555785B074E55F9A1 /* Pods.framework in Frameworks */,
			);
			runOnlyForDeploymentPostprocessing = 0;
		};
/* End PBXFrameworksBuildPhase section */

/* Begin PBXGroup section */
		5B95B35643F30E7533D6D17A /* Pods */ = {
			isa = PBXGroup;
			children = (
				AFE0B9369D880DB6D56E63FF /* Pods.debug.xcconfig */,
				472534128626AFF3FE85F810 /* Pods.release.xcconfig */,
			);
			name = Pods;
			sourceTree = "<group>";
		};
		618F9BD63177BBCC0BC78467 /* Places */ = {
			isa = PBXGroup;
			children = (
				2A7E73FD17BDF8644AE2C9E9 /* PlacesModule.swift */,
				DEB5AF6FEE05EEDB7425BE59 /* PlacesProtocols.swift */,
				8A9AD7ACD03FCF3B85791D9C /* PlacesViewController.swift */,
				EC42DF6E50244E4F653230FC /* PlacesPresenter.swift */,
				E6D1A39DB84F564C55566B4C /* PlacesInteractor.swift */,
				9FABDE5D51A59B1E367DE79E /* PlacesRouter.swift */,
				DE245B13292A843D503666CA /* Cells */,
			);
			path = Places;
			sourceTree = "<group>";
		};
		9B61CE60479683CAEA14156C /* Frameworks */ = {
			isa = PBXGroup;
			children = (
				EDCF71274DE94F6D46C5E688 /* Pods.framework */,
			);
			name = Frameworks;
			sourceTree = "<group>";
		};
		C207FF2AB4BC291087FEB41C /* PlaceDetails */ = {
			isa = PBXGroup;
			children = (
				F81A8F8FEA614B7D32F4136F /* PlaceDetailsModule.swift */,
				AC5D5352BAA133ED1AF84A9A /* PlaceDetailsProtocols.swift */,
				CB9BF9B1AEF1BFC2B84C7B6C /* PlaceDetailsViewController.swift */,
				B0AC476AF08480068B3DFF03 /* PlaceDetailsPresenter.swift */,
				FAB7D91C4635E4C104F88569 /* PlaceDetailsInteractor.swift */,
				14A78D48833BBF2BD0CAB4DC /* PlaceDetailsRouter.swift */,
			);
			path = PlaceDetails;
			sourceTree = "<group>";
		};
		C9AAC7CA5C88B055175FF030 /* CategorySelection */ = {
			isa = PBXGroup;
			children = (
				BD8C6FA277D7FBF308263F5C /* CategorySelectionModule.swift */,
				855A92B90D08A71FD0A62545 /* CategorySelectionProtocols.swift */,
				32007FB7AAD3D0ECCDA10A0A /* CategorySelectionViewController.swift */,
				4DAFF562FCE5C1BE5152DCA4 /* CategorySelectionPresenter.swift */,
				A98040FDCAD9E08B312603E2 /* CategorySelectionInteractor.swift */,
				0E42544263C58C8FE78DEBD8 /* CategorySelectionRouter.swift */,
			);
			path = CategorySelection;
			sourceTree = "<group>";
		};
		DE245021C55D8F1579BF6123 /* Protocols */ = {
			isa = PBXGroup;
			children = (
				E770792C1C9E9BBC007C4468 /* BaseProtocols.swift */,
				DE2455917F6EA958E9930F90 /* Reusable.swift */,
				DE2458AD4261777B322249DF /* ResponceHandling.swift */,
			);
			path = Protocols;
			sourceTree = "<group>";
		};
		DE2450373901689151556206 /* Images */ = {
			isa = PBXGroup;
			children = (
				DE24502C7BB9A739E759D154 /* Assets.xcassets */,
			);
			path = Images;
			sourceTree = "<group>";
		};
		DE2451D0269E1DE9BD59250B /* Extensions */ = {
			isa = PBXGroup;
			children = (
				DE2455B04E02707838C1FABB /* UIColor+AppColors.swift */,
				DE245C803F6543C0A8913C80 /* UIFont+AppFonts.swift */,
			);
			path = Extensions;
			sourceTree = "<group>";
		};
		DE2455304292C918215972C2 /* Models */ = {
			isa = PBXGroup;
			children = (
				DE245BEB9791ADC8DADEE9C9 /* Place.swift */,
				DE245126ED94C4851B8BE5CE /* Category.swift */,
			);
			path = Models;
			sourceTree = "<group>";
		};
		DE2455843453469BBCD4EA64 /* Fonts */ = {
			isa = PBXGroup;
			children = (
				E77078FE1C9E90A2007C4468 /* SF-UI-Display-Black.otf */,
				E77078FF1C9E90A2007C4468 /* SF-UI-Display-Bold.otf */,
				E77079001C9E90A2007C4468 /* SF-UI-Display-Heavy.otf */,
				E77079011C9E90A2007C4468 /* SF-UI-Display-Light.otf */,
				E77079021C9E90A2007C4468 /* SF-UI-Display-Medium.otf */,
				E77079031C9E90A2007C4468 /* SF-UI-Display-Regular.otf */,
				E77079041C9E90A2007C4468 /* SF-UI-Display-Semibold.otf */,
				E77079051C9E90A2007C4468 /* SF-UI-Display-Thin.otf */,
				E77079061C9E90A2007C4468 /* SF-UI-Display-Ultralight.otf */,
				E77079071C9E90A2007C4468 /* SF-UI-Text-Bold.otf */,
				E77079081C9E90A2007C4468 /* SF-UI-Text-BoldItalic.otf */,
				E77079091C9E90A2007C4468 /* SF-UI-Text-Heavy.otf */,
				E770790A1C9E90A2007C4468 /* SF-UI-Text-HeavyItalic.otf */,
				E770790B1C9E90A2007C4468 /* SF-UI-Text-Light.otf */,
				E770790C1C9E90A2007C4468 /* SF-UI-Text-LightItalic.otf */,
				E770790D1C9E90A2007C4468 /* SF-UI-Text-Medium.otf */,
				E770790E1C9E90A2007C4468 /* SF-UI-Text-MediumItalic.otf */,
				E770790F1C9E90A2007C4468 /* SF-UI-Text-Regular.otf */,
				E77079101C9E90A2007C4468 /* SF-UI-Text-RegularItalic.otf */,
				E77079111C9E90A2007C4468 /* SF-UI-Text-Semibold.otf */,
				E77079121C9E90A2007C4468 /* SF-UI-Text-SemiboldItalic.otf */,
			);
			path = Fonts;
			sourceTree = "<group>";
		};
		DE245745EC967B4CAB03C666 /* Services */ = {
			isa = PBXGroup;
			children = (
			);
			path = Services;
			sourceTree = "<group>";
		};
		DE24587BF159A82ED46324BB /* Resources */ = {
			isa = PBXGroup;
			children = (
				DE2452D88FAB4EC76829B6C5 /* LaunchScreen.storyboard */,
				DE2453EB62400FBDA73EC322 /* Info.plist */,
				DE2450373901689151556206 /* Images */,
				DE2455843453469BBCD4EA64 /* Fonts */,
			);
			path = Resources;
			sourceTree = "<group>";
		};
		DE245A97D0FD72DE353520DB /* Modules */ = {
			isa = PBXGroup;
			children = (
				618F9BD63177BBCC0BC78467 /* Places */,
				C9AAC7CA5C88B055175FF030 /* CategorySelection */,
				C207FF2AB4BC291087FEB41C /* PlaceDetails */,
			);
			path = Modules;
			sourceTree = "<group>";
		};
		DE245ADC5AC1E66FC6568291 /* Main */ = {
			isa = PBXGroup;
			children = (
				DE2456E6C3AB714B7ECE1375 /* AppDelegate.swift */,
				DE245A5C9625A39BF5EEFBE6 /* RootWireframe.swift */,
				DE2456988535E6961FF4C9D7 /* TabBarController.swift */,
				DE2451D0269E1DE9BD59250B /* Extensions */,
				DE245021C55D8F1579BF6123 /* Protocols */,
				DE2455304292C918215972C2 /* Models */,
				DE245CFE089635EE392D2E57 /* Tools */,
				DE245745EC967B4CAB03C666 /* Services */,
			);
			path = Main;
			sourceTree = "<group>";
		};
		DE245B13292A843D503666CA /* Cells */ = {
			isa = PBXGroup;
			children = (
				E770792F1C9ED245007C4468 /* PlaceCell.swift */,
			);
			path = Cells;
			sourceTree = "<group>";
		};
		DE245B5C0025CCDA39D92363 /* Favorites */ = {
			isa = PBXGroup;
			children = (
				E770792A1C9E9214007C4468 /* Favorites.storyboard */,
				DE245F14581E613EE11D1C86 /* Common */,
				DE245E7315254E5415160A83 /* Modules */,
			);
			path = Favorites;
			sourceTree = "<group>";
		};
		DE245CFE089635EE392D2E57 /* Tools */ = {
			isa = PBXGroup;
			children = (
				DE2459FF2D515C0C871CD167 /* NetworkManager.swift */,
			);
			path = Tools;
			sourceTree = "<group>";
		};
		DE245E7315254E5415160A83 /* Modules */ = {
			isa = PBXGroup;
			children = (
				E068857753B3CFE157FBFDA5 /* FavoritePlaces */,
			);
			path = Modules;
			sourceTree = "<group>";
		};
		DE245EA6A16068B25D6A85BD /* Common */ = {
			isa = PBXGroup;
			children = (
				DE245871053A02A1D841E187 /* PlacesFlowWireframe.swift */,
				DE245AAE82A9067C5898299D /* PlacesConstants.swift */,
			);
			path = Common;
			sourceTree = "<group>";
		};
		DE245F14581E613EE11D1C86 /* Common */ = {
			isa = PBXGroup;
			children = (
				DE2457AC12E9BBC5C8570E1D /* FavoritesFlowWireframe.swift */,
				DE245F9C463AF172524CD149 /* FavoritesConstants.swift */,
			);
			path = Common;
			sourceTree = "<group>";
		};
		DE245FCAA1E57C50353D2E61 /* Places */ = {
			isa = PBXGroup;
			children = (
				E77079281C9E9203007C4468 /* Places.storyboard */,
				DE245EA6A16068B25D6A85BD /* Common */,
				DE245A97D0FD72DE353520DB /* Modules */,
			);
			path = Places;
			sourceTree = "<group>";
		};
		E068857753B3CFE157FBFDA5 /* FavoritePlaces */ = {
			isa = PBXGroup;
			children = (
				69FEFDDEB4966C81B931401D /* FavoritePlacesModule.swift */,
				DB0E3E93D80010E3E7057EDA /* FavoritePlacesProtocols.swift */,
				B3F46641E307FE5D6D60310C /* FavoritePlacesViewController.swift */,
				9966CEB2C166108177F48037 /* FavoritePlacesPresenter.swift */,
				54563104697690759EAAC6A3 /* FavoritePlacesInteractor.swift */,
				3B83D2F02BFAEAC4D04A65E4 /* FavoritePlacesRouter.swift */,
			);
			path = FavoritePlaces;
			sourceTree = "<group>";
		};
		E77078DE1C9E8BB5007C4468 = {
			isa = PBXGroup;
			children = (
				E77078E91C9E8BB5007C4468 /* BaseTemplateExample */,
				E77078E81C9E8BB5007C4468 /* Products */,
				5B95B35643F30E7533D6D17A /* Pods */,
				9B61CE60479683CAEA14156C /* Frameworks */,
			);
			sourceTree = "<group>";
		};
		E77078E81C9E8BB5007C4468 /* Products */ = {
			isa = PBXGroup;
			children = (
				E77078E71C9E8BB5007C4468 /* BaseTemplateExample.app */,
			);
			name = Products;
			sourceTree = "<group>";
		};
		E77078E91C9E8BB5007C4468 /* BaseTemplateExample */ = {
			isa = PBXGroup;
			children = (
				DE245ADC5AC1E66FC6568291 /* Main */,
				DE245FCAA1E57C50353D2E61 /* Places */,
				DE245B5C0025CCDA39D92363 /* Favorites */,
				DE24587BF159A82ED46324BB /* Resources */,
			);
			path = BaseTemplateExample;
			sourceTree = "<group>";
		};
/* End PBXGroup section */

/* Begin PBXNativeTarget section */
		E77078E61C9E8BB5007C4468 /* BaseTemplateExample */ = {
			isa = PBXNativeTarget;
			buildConfigurationList = E77078FB1C9E8BB5007C4468 /* Build configuration list for PBXNativeTarget "BaseTemplateExample" */;
			buildPhases = (
				A19E6B65B6AE74DA25B81817 /* Check Pods Manifest.lock */,
				E77078E31C9E8BB5007C4468 /* Sources */,
				E77078E41C9E8BB5007C4468 /* Frameworks */,
				E77078E51C9E8BB5007C4468 /* Resources */,
				0EBB3C3A3578C86791301342 /* Embed Pods Frameworks */,
				242B45CA4C10C7F00FCD1C84 /* Copy Pods Resources */,
			);
			buildRules = (
			);
			dependencies = (
			);
			name = BaseTemplateExample;
			productName = BaseTemplateExample;
			productReference = E77078E71C9E8BB5007C4468 /* BaseTemplateExample.app */;
			productType = "com.apple.product-type.application";
		};
/* End PBXNativeTarget section */

/* Begin PBXProject section */
		E77078DF1C9E8BB5007C4468 /* Project object */ = {
			isa = PBXProject;
			attributes = {
				LastSwiftUpdateCheck = 0720;
				LastUpgradeCheck = 0720;
				ORGANIZATIONNAME = "Vladimir Kravchenko";
				TargetAttributes = {
					E77078E61C9E8BB5007C4468 = {
						CreatedOnToolsVersion = 7.2.1;
					};
				};
			};
			buildConfigurationList = E77078E21C9E8BB5007C4468 /* Build configuration list for PBXProject "BaseTemplateExample" */;
			compatibilityVersion = "Xcode 3.2";
			developmentRegion = English;
			hasScannedForEncodings = 0;
			knownRegions = (
				en,
				Base,
			);
			mainGroup = E77078DE1C9E8BB5007C4468;
			productRefGroup = E77078E81C9E8BB5007C4468 /* Products */;
			projectDirPath = "";
			projectRoot = "";
			targets = (
				E77078E61C9E8BB5007C4468 /* BaseTemplateExample */,
			);
		};
/* End PBXProject section */

/* Begin PBXResourcesBuildPhase section */
		E77078E51C9E8BB5007C4468 /* Resources */ = {
			isa = PBXResourcesBuildPhase;
			buildActionMask = 2147483647;
			files = (
				E77079131C9E90A7007C4468 /* SF-UI-Display-Black.otf in Resources */,
				E77079151C9E90A7007C4468 /* SF-UI-Display-Heavy.otf in Resources */,
				E77079171C9E90A7007C4468 /* SF-UI-Display-Medium.otf in Resources */,
				E77079251C9E90A7007C4468 /* SF-UI-Text-RegularItalic.otf in Resources */,
				E770792B1C9E9214007C4468 /* Favorites.storyboard in Resources */,
				E77079161C9E90A7007C4468 /* SF-UI-Display-Light.otf in Resources */,
				E770791A1C9E90A7007C4468 /* SF-UI-Display-Thin.otf in Resources */,
				DE245E6C92AC2CFE77306CA2 /* LaunchScreen.storyboard in Resources */,
				E77079231C9E90A7007C4468 /* SF-UI-Text-MediumItalic.otf in Resources */,
				E77079221C9E90A7007C4468 /* SF-UI-Text-Medium.otf in Resources */,
				E77079201C9E90A7007C4468 /* SF-UI-Text-Light.otf in Resources */,
				E770791F1C9E90A7007C4468 /* SF-UI-Text-HeavyItalic.otf in Resources */,
				E770792E1C9E9E87007C4468 /* Info.plist in Resources */,
				E77079241C9E90A7007C4468 /* SF-UI-Text-Regular.otf in Resources */,
				E770791C1C9E90A7007C4468 /* SF-UI-Text-Bold.otf in Resources */,
				E77079141C9E90A7007C4468 /* SF-UI-Display-Bold.otf in Resources */,
				E77079261C9E90A7007C4468 /* SF-UI-Text-Semibold.otf in Resources */,
				E77079271C9E90A7007C4468 /* SF-UI-Text-SemiboldItalic.otf in Resources */,
				E77079291C9E9203007C4468 /* Places.storyboard in Resources */,
				E77079181C9E90A7007C4468 /* SF-UI-Display-Regular.otf in Resources */,
				DE24563BC16DC47EBF1D2DEC /* Assets.xcassets in Resources */,
				E770791D1C9E90A7007C4468 /* SF-UI-Text-BoldItalic.otf in Resources */,
				E77079191C9E90A7007C4468 /* SF-UI-Display-Semibold.otf in Resources */,
				E770791B1C9E90A7007C4468 /* SF-UI-Display-Ultralight.otf in Resources */,
				E77079211C9E90A7007C4468 /* SF-UI-Text-LightItalic.otf in Resources */,
				E770791E1C9E90A7007C4468 /* SF-UI-Text-Heavy.otf in Resources */,
			);
			runOnlyForDeploymentPostprocessing = 0;
		};
/* End PBXResourcesBuildPhase section */

/* Begin PBXShellScriptBuildPhase section */
		0EBB3C3A3578C86791301342 /* Embed Pods Frameworks */ = {
			isa = PBXShellScriptBuildPhase;
			buildActionMask = 2147483647;
			files = (
			);
			inputPaths = (
			);
			name = "Embed Pods Frameworks";
			outputPaths = (
			);
			runOnlyForDeploymentPostprocessing = 0;
			shellPath = /bin/sh;
			shellScript = "\"${SRCROOT}/Pods/Target Support Files/Pods/Pods-frameworks.sh\"\n";
			showEnvVarsInLog = 0;
		};
		242B45CA4C10C7F00FCD1C84 /* Copy Pods Resources */ = {
			isa = PBXShellScriptBuildPhase;
			buildActionMask = 2147483647;
			files = (
			);
			inputPaths = (
			);
			name = "Copy Pods Resources";
			outputPaths = (
			);
			runOnlyForDeploymentPostprocessing = 0;
			shellPath = /bin/sh;
			shellScript = "\"${SRCROOT}/Pods/Target Support Files/Pods/Pods-resources.sh\"\n";
			showEnvVarsInLog = 0;
		};
		A19E6B65B6AE74DA25B81817 /* Check Pods Manifest.lock */ = {
			isa = PBXShellScriptBuildPhase;
			buildActionMask = 2147483647;
			files = (
			);
			inputPaths = (
			);
			name = "Check Pods Manifest.lock";
			outputPaths = (
			);
			runOnlyForDeploymentPostprocessing = 0;
			shellPath = /bin/sh;
			shellScript = "diff \"${PODS_ROOT}/../Podfile.lock\" \"${PODS_ROOT}/Manifest.lock\" > /dev/null\nif [[ $? != 0 ]] ; then\n    cat << EOM\nerror: The sandbox is not in sync with the Podfile.lock. Run 'pod install' or update your CocoaPods installation.\nEOM\n    exit 1\nfi\n";
			showEnvVarsInLog = 0;
		};
/* End PBXShellScriptBuildPhase section */

/* Begin PBXSourcesBuildPhase section */
		E77078E31C9E8BB5007C4468 /* Sources */ = {
			isa = PBXSourcesBuildPhase;
			buildActionMask = 2147483647;
			files = (
				DE245B3A30D5C9914D27D034 /* AppDelegate.swift in Sources */,
				DE245E1FDE2EB8E609C81774 /* RootWireframe.swift in Sources */,
				DE2455D168BC7D9C9DD9F382 /* TabBarController.swift in Sources */,
				DE245037B61DEC7D5BD2256E /* UIColor+AppColors.swift in Sources */,
				B103EEF6D37BA50246E0F877 /* PlacesModule.swift in Sources */,
				BEFA3745EC8D80004F1E0A71 /* PlacesProtocols.swift in Sources */,
				9457D48162F822C9F18D3473 /* PlacesViewController.swift in Sources */,
				0A7CDBB66EEED5663BAF2761 /* PlacesPresenter.swift in Sources */,
				DF5DECA40BCB1D3FB284C442 /* PlacesInteractor.swift in Sources */,
				6ACE97CDC2589551B72B8274 /* PlacesRouter.swift in Sources */,
				BFC7250E59DB590A76026AEA /* FavoritePlacesModule.swift in Sources */,
				AB5422CA0E2FCE5FD1C68151 /* FavoritePlacesProtocols.swift in Sources */,
				DB397D02521B8F96F7B34479 /* FavoritePlacesViewController.swift in Sources */,
				7A67D89594D128C5419AB9D0 /* FavoritePlacesPresenter.swift in Sources */,
				A6DF0999F5E709E4112A4143 /* FavoritePlacesInteractor.swift in Sources */,
				469D685558E18FE1B542F6CB /* FavoritePlacesRouter.swift in Sources */,
				E77079301C9ED245007C4468 /* PlaceCell.swift in Sources */,
				E770792D1C9E9BBC007C4468 /* BaseProtocols.swift in Sources */,
				DE24551EC7EB2A91705A60D2 /* PlacesFlowWireframe.swift in Sources */,
				DE24572E4174D70632223795 /* FavoritesFlowWireframe.swift in Sources */,
				DE2459F74A9117A5B0AA33AC /* PlacesConstants.swift in Sources */,
				DE24522AC60846063C47D513 /* FavoritesConstants.swift in Sources */,
				DE245613F1279F7F4AAE1192 /* UIFont+AppFonts.swift in Sources */,
				C579009E9FBB3207D16DF615 /* CategorySelectionModule.swift in Sources */,
				72B5B7843FF0D52F287D49C3 /* CategorySelectionProtocols.swift in Sources */,
				CEC8105B4BB9982E1893D882 /* CategorySelectionViewController.swift in Sources */,
				CF14C3DD4177AB57B33BDC98 /* CategorySelectionPresenter.swift in Sources */,
				337621C97EFA7691544E985C /* CategorySelectionInteractor.swift in Sources */,
				2EA86039BED5BC9A2FD84B47 /* CategorySelectionRouter.swift in Sources */,
				C3C46063DBCC0D7B57613187 /* PlaceDetailsModule.swift in Sources */,
				1AFB595D24039E80BEFBB10A /* PlaceDetailsProtocols.swift in Sources */,
				9AA5269EDC1929000320ADD8 /* PlaceDetailsViewController.swift in Sources */,
				41517992ED789BFE3B3C66CA /* PlaceDetailsPresenter.swift in Sources */,
				44F6581F71FAFB5854A56979 /* PlaceDetailsInteractor.swift in Sources */,
				2CF4EBC052DBE5017EFBDFA0 /* PlaceDetailsRouter.swift in Sources */,
				DE2457B891B8A477AD5B0FC6 /* Reusable.swift in Sources */,
				DE24563C839DA5E0F927F166 /* Place.swift in Sources */,
				DE24583DF956855CFFE2320E /* Category.swift in Sources */,
				DE2459DD3E110084C1437322 /* ResponceHandling.swift in Sources */,
				DE245927154EF20D4BBCF5A1 /* NetworkManager.swift in Sources */,
			);
			runOnlyForDeploymentPostprocessing = 0;
		};
/* End PBXSourcesBuildPhase section */

/* Begin PBXVariantGroup section */
		DE2452D88FAB4EC76829B6C5 /* LaunchScreen.storyboard */ = {
			isa = PBXVariantGroup;
			children = (
				DE24522F4FC0D44EE8A3937C /* Base */,
			);
			name = LaunchScreen.storyboard;
			sourceTree = "<group>";
		};
/* End PBXVariantGroup section */

/* Begin XCBuildConfiguration section */
		E77078F91C9E8BB5007C4468 /* Debug */ = {
			isa = XCBuildConfiguration;
			buildSettings = {
				ALWAYS_SEARCH_USER_PATHS = NO;
				CLANG_CXX_LANGUAGE_STANDARD = "gnu++0x";
				CLANG_CXX_LIBRARY = "libc++";
				CLANG_ENABLE_MODULES = YES;
				CLANG_ENABLE_OBJC_ARC = YES;
				CLANG_WARN_BOOL_CONVERSION = YES;
				CLANG_WARN_CONSTANT_CONVERSION = YES;
				CLANG_WARN_DIRECT_OBJC_ISA_USAGE = YES_ERROR;
				CLANG_WARN_EMPTY_BODY = YES;
				CLANG_WARN_ENUM_CONVERSION = YES;
				CLANG_WARN_INT_CONVERSION = YES;
				CLANG_WARN_OBJC_ROOT_CLASS = YES_ERROR;
				CLANG_WARN_UNREACHABLE_CODE = YES;
				CLANG_WARN__DUPLICATE_METHOD_MATCH = YES;
				"CODE_SIGN_IDENTITY[sdk=iphoneos*]" = "iPhone Developer";
				COPY_PHASE_STRIP = NO;
				DEBUG_INFORMATION_FORMAT = dwarf;
				ENABLE_STRICT_OBJC_MSGSEND = YES;
				ENABLE_TESTABILITY = YES;
				GCC_C_LANGUAGE_STANDARD = gnu99;
				GCC_DYNAMIC_NO_PIC = NO;
				GCC_NO_COMMON_BLOCKS = YES;
				GCC_OPTIMIZATION_LEVEL = 0;
				GCC_PREPROCESSOR_DEFINITIONS = (
					"DEBUG=1",
					"$(inherited)",
				);
				GCC_WARN_64_TO_32_BIT_CONVERSION = YES;
				GCC_WARN_ABOUT_RETURN_TYPE = YES_ERROR;
				GCC_WARN_UNDECLARED_SELECTOR = YES;
				GCC_WARN_UNINITIALIZED_AUTOS = YES_AGGRESSIVE;
				GCC_WARN_UNUSED_FUNCTION = YES;
				GCC_WARN_UNUSED_VARIABLE = YES;
				IPHONEOS_DEPLOYMENT_TARGET = 9.2;
				MTL_ENABLE_DEBUG_INFO = YES;
				ONLY_ACTIVE_ARCH = YES;
				SDKROOT = iphoneos;
				SWIFT_OPTIMIZATION_LEVEL = "-Onone";
			};
			name = Debug;
		};
		E77078FA1C9E8BB5007C4468 /* Release */ = {
			isa = XCBuildConfiguration;
			buildSettings = {
				ALWAYS_SEARCH_USER_PATHS = NO;
				CLANG_CXX_LANGUAGE_STANDARD = "gnu++0x";
				CLANG_CXX_LIBRARY = "libc++";
				CLANG_ENABLE_MODULES = YES;
				CLANG_ENABLE_OBJC_ARC = YES;
				CLANG_WARN_BOOL_CONVERSION = YES;
				CLANG_WARN_CONSTANT_CONVERSION = YES;
				CLANG_WARN_DIRECT_OBJC_ISA_USAGE = YES_ERROR;
				CLANG_WARN_EMPTY_BODY = YES;
				CLANG_WARN_ENUM_CONVERSION = YES;
				CLANG_WARN_INT_CONVERSION = YES;
				CLANG_WARN_OBJC_ROOT_CLASS = YES_ERROR;
				CLANG_WARN_UNREACHABLE_CODE = YES;
				CLANG_WARN__DUPLICATE_METHOD_MATCH = YES;
				"CODE_SIGN_IDENTITY[sdk=iphoneos*]" = "iPhone Developer";
				COPY_PHASE_STRIP = NO;
				DEBUG_INFORMATION_FORMAT = "dwarf-with-dsym";
				ENABLE_NS_ASSERTIONS = NO;
				ENABLE_STRICT_OBJC_MSGSEND = YES;
				GCC_C_LANGUAGE_STANDARD = gnu99;
				GCC_NO_COMMON_BLOCKS = YES;
				GCC_WARN_64_TO_32_BIT_CONVERSION = YES;
				GCC_WARN_ABOUT_RETURN_TYPE = YES_ERROR;
				GCC_WARN_UNDECLARED_SELECTOR = YES;
				GCC_WARN_UNINITIALIZED_AUTOS = YES_AGGRESSIVE;
				GCC_WARN_UNUSED_FUNCTION = YES;
				GCC_WARN_UNUSED_VARIABLE = YES;
				IPHONEOS_DEPLOYMENT_TARGET = 9.2;
				MTL_ENABLE_DEBUG_INFO = NO;
				SDKROOT = iphoneos;
				VALIDATE_PRODUCT = YES;
			};
			name = Release;
		};
		E77078FC1C9E8BB5007C4468 /* Debug */ = {
			isa = XCBuildConfiguration;
			baseConfigurationReference = AFE0B9369D880DB6D56E63FF /* Pods.debug.xcconfig */;
			buildSettings = {
				ASSETCATALOG_COMPILER_APPICON_NAME = AppIcon;
				CODE_SIGN_IDENTITY = "iPhone Developer";
				INFOPLIST_FILE = BaseTemplateExample/Resources/Info.plist;
				LD_RUNPATH_SEARCH_PATHS = "$(inherited) @executable_path/Frameworks";
				PRODUCT_BUNDLE_IDENTIFIER = com.vladimir.kravchenko.BaseTemplateExample;
				PRODUCT_NAME = "$(TARGET_NAME)";
			};
			name = Debug;
		};
		E77078FD1C9E8BB5007C4468 /* Release */ = {
			isa = XCBuildConfiguration;
			baseConfigurationReference = 472534128626AFF3FE85F810 /* Pods.release.xcconfig */;
			buildSettings = {
				ASSETCATALOG_COMPILER_APPICON_NAME = AppIcon;
				CODE_SIGN_IDENTITY = "iPhone Developer";
				INFOPLIST_FILE = BaseTemplateExample/Resources/Info.plist;
				LD_RUNPATH_SEARCH_PATHS = "$(inherited) @executable_path/Frameworks";
				PRODUCT_BUNDLE_IDENTIFIER = com.vladimir.kravchenko.BaseTemplateExample;
				PRODUCT_NAME = "$(TARGET_NAME)";
			};
			name = Release;
		};
/* End XCBuildConfiguration section */

/* Begin XCConfigurationList section */
		E77078E21C9E8BB5007C4468 /* Build configuration list for PBXProject "BaseTemplateExample" */ = {
			isa = XCConfigurationList;
			buildConfigurations = (
				E77078F91C9E8BB5007C4468 /* Debug */,
				E77078FA1C9E8BB5007C4468 /* Release */,
			);
			defaultConfigurationIsVisible = 0;
			defaultConfigurationName = Release;
		};
		E77078FB1C9E8BB5007C4468 /* Build configuration list for PBXNativeTarget "BaseTemplateExample" */ = {
			isa = XCConfigurationList;
			buildConfigurations = (
				E77078FC1C9E8BB5007C4468 /* Debug */,
				E77078FD1C9E8BB5007C4468 /* Release */,
			);
			defaultConfigurationIsVisible = 0;
			defaultConfigurationName = Release;
		};
/* End XCConfigurationList section */
	};
	rootObject = E77078DF1C9E8BB5007C4468 /* Project object */;
}
